
Microsoft Visual Studio Solution File, Format Version 12.00
# Visual Studio Version 17
VisualStudioVersion = 17.14.36401.2 d17.14
MinimumVisualStudioVersion = 10.0.40219.1
Project("{FAE04EC0-301F-11D3-BF4B-00C04F79EFBC}") = "WpfLern3", "WpfLern3\WpfLern3.csproj", "{B8769244-9DCA-4176-A399-D1354D39DE8D}"
EndProject
Global
	GlobalSection(SolutionConfigurationPlatforms) = preSolution
		Debug|Any CPU = Debug|Any CPU
		Release|Any CPU = Release|Any CPU
	EndGlobalSection
	GlobalSection(ProjectConfigurationPlatforms) = postSolution
		{B8769244-9DCA-4176-A399-D1354D39DE8D}.Debug|Any CPU.ActiveCfg = Debug|Any CPU
		{B8769244-9DCA-4176-A399-D1354D39DE8D}.Debug|Any CPU.Build.0 = Debug|Any CPU
		{B8769244-9DCA-4176-A399-D1354D39DE8D}.Release|Any CPU.ActiveCfg = Release|Any CPU
		{B8769244-9DCA-4176-A399-D1354D39DE8D}.Release|Any CPU.Build.0 = Release|Any CPU
	EndGlobalSection
	GlobalSection(SolutionProperties) = preSolution
		HideSolutionNode = FALSE
	EndGlobalSection
	GlobalSection(ExtensibilityGlobals) = postSolution
		SolutionGuid = {8DD6D8BC-34CE-44EF-A5FF-141553C49F4D}
	EndGlobalSection
EndGlobal
